PODS:
  - Flutter (1.0.0)
  - flutter_blue (0.0.1):
    - Flutter
    - flutter_blue/Protos (= 0.0.1)
  - flutter_blue/Protos (0.0.1):
    - Flutter
    - Protobuf
  - permission_handler (3.2.2):
    - Flutter
  - Protobuf (3.10.0)

DEPENDENCIES:
  - Flutter (from `.symlinks/flutter/ios`)
  - flutter_blue (from `.symlinks/plugins/flutter_blue/ios`)
  - permission_handler (from `.symlinks/plugins/permission_handler/ios`)

SPEC REPOS:
  https://github.com/cocoapods/specs.git:
    - Protobuf

EXTERNAL SOURCES:
  Flutter:
    :path: ".symlinks/flutter/ios"
  flutter_blue:
    :path: ".symlinks/plugins/flutter_blue/ios"
  permission_handler:
    :path: ".symlinks/plugins/permission_handler/ios"

SPEC CHECKSUMS:
  Flutter: 0e3d915762c693b495b44d77113d4970485de6ec
  flutter_blue: be3f2be2f5fda254d174896c0738b2fcb6b1073e
  permission_handler: d59f41439f5bc6c4d1005f3355e98f05ddc68ece
  Protobuf: a4dc852ad69c027ca2166ed287b856697814375b

PODFILE CHECKSUM: b6a0a141693093b304368d08511b46cf3d1d0ac5

COCOAPODS: 1.7.5
